
Microsoft Visual Studio Solution File, Format Version 12.00
# Visual Studio Version 16
VisualStudioVersion = 16.0.31129.286
MinimumVisualStudioVersion = 10.0.40219.1
Project("{FAE04EC0-301F-11D3-BF4B-00C04F79EFBC}") = "Employee-Payroll-Restsharp", "Employee-Payroll-Restsharp\Employee-Payroll-Restsharp.csproj", "{DE53374B-859C-4921-BAB8-292794C63EF0}"
EndProject
Global
	GlobalSection(SolutionConfigurationPlatforms) = preSolution
		Debug|Any CPU = Debug|Any CPU
		Release|Any CPU = Release|Any CPU
	EndGlobalSection
	GlobalSection(ProjectConfigurationPlatforms) = postSolution
		{DE53374B-859C-4921-BAB8-292794C63EF0}.Debug|Any CPU.ActiveCfg = Debug|Any CPU
		{DE53374B-859C-4921-BAB8-292794C63EF0}.Debug|Any CPU.Build.0 = Debug|Any CPU
		{DE53374B-859C-4921-BAB8-292794C63EF0}.Release|Any CPU.ActiveCfg = Release|Any CPU
		{DE53374B-859C-4921-BAB8-292794C63EF0}.Release|Any CPU.Build.0 = Release|Any CPU
	EndGlobalSection
	GlobalSection(SolutionProperties) = preSolution
		HideSolutionNode = FALSE
	EndGlobalSection
	GlobalSection(ExtensibilityGlobals) = postSolution
		SolutionGuid = {BB37A4A1-C35B-4523-AC50-7B6A8E6BF223}
	EndGlobalSection
EndGlobal
